
Microsoft Visual Studio Solution File, Format Version 12.00
# Visual Studio 15
VisualStudioVersion = 15.0.28010.2041
MinimumVisualStudioVersion = 10.0.40219.1
Project("{FAE04EC0-301F-11D3-BF4B-00C04F79EFBC}") = "Elmah.S3", "src\Elmah.S3\Elmah.S3.csproj", "{AFB41AE5-C2E6-4096-B171-653929709B82}"
EndProject
Global
	GlobalSection(SolutionConfigurationPlatforms) = preSolution
		Debug|Any CPU = Debug|Any CPU
		Release|Any CPU = Release|Any CPU
	EndGlobalSection
	GlobalSection(ProjectConfigurationPlatforms) = postSolution
		{AFB41AE5-C2E6-4096-B171-653929709B82}.Debug|Any CPU.ActiveCfg = Debug|Any CPU
		{AFB41AE5-C2E6-4096-B171-653929709B82}.Debug|Any CPU.Build.0 = Debug|Any CPU
		{AFB41AE5-C2E6-4096-B171-653929709B82}.Release|Any CPU.ActiveCfg = Release|Any CPU
		{AFB41AE5-C2E6-4096-B171-653929709B82}.Release|Any CPU.Build.0 = Release|Any CPU
	EndGlobalSection
	GlobalSection(SolutionProperties) = preSolution
		HideSolutionNode = FALSE
	EndGlobalSection
	GlobalSection(ExtensibilityGlobals) = postSolution
		SolutionGuid = {125A7CE5-4607-47B0-93D4-3E11101E8447}
	EndGlobalSection
EndGlobal
